
Microsoft Visual Studio Solution File, Format Version 12.00
# Visual Studio Version 16
VisualStudioVersion = 16.0.29728.190
MinimumVisualStudioVersion = 10.0.40219.1
Project("{FAE04EC0-301F-11D3-BF4B-00C04F79EFBC}") = "InfiniteScrolling1", "InfiniteScrolling1\InfiniteScrolling1.csproj", "{9BB477A6-EF25-4389-BD7C-FBAFAA02BDE2}"
EndProject
Global
	GlobalSection(SolutionConfigurationPlatforms) = preSolution
		Debug|Any CPU = Debug|Any CPU
		Release|Any CPU = Release|Any CPU
	EndGlobalSection
	GlobalSection(ProjectConfigurationPlatforms) = postSolution
		{9BB477A6-EF25-4389-BD7C-FBAFAA02BDE2}.Debug|Any CPU.ActiveCfg = Debug|Any CPU
		{9BB477A6-EF25-4389-BD7C-FBAFAA02BDE2}.Debug|Any CPU.Build.0 = Debug|Any CPU
		{9BB477A6-EF25-4389-BD7C-FBAFAA02BDE2}.Release|Any CPU.ActiveCfg = Release|Any CPU
		{9BB477A6-EF25-4389-BD7C-FBAFAA02BDE2}.Release|Any CPU.Build.0 = Release|Any CPU
	EndGlobalSection
	GlobalSection(SolutionProperties) = preSolution
		HideSolutionNode = FALSE
	EndGlobalSection
	GlobalSection(ExtensibilityGlobals) = postSolution
		SolutionGuid = {82483B8B-2344-4A82-84EA-6FC9A4CA1BE5}
	EndGlobalSection
EndGlobal
